Microsoft Visual Studio Solution File, Format Version 12.00
# Visual Studio Version 17
VisualStudioVersion = 17.5.2.0
MinimumVisualStudioVersion = 10.0.40219.1
Project("{FAE04EC0-301F-11D3-BF4B-00C04F79EFBC}") = "TaskFlowApi", "TaskFlowApi\TaskFlowApi.csproj", "{55D9A077-10DA-CE87-12D3-5163F52481E7}"
EndProject
Global
	GlobalSection(SolutionConfigurationPlatforms) = preSolution
		Debug|Any CPU = Debug|Any CPU
		Release|Any CPU = Release|Any CPU
	EndGlobalSection
	GlobalSection(ProjectConfigurationPlatforms) = postSolution
		{55D9A077-10DA-CE87-12D3-5163F52481E7}.Debug|Any CPU.ActiveCfg = Debug|Any CPU
		{55D9A077-10DA-CE87-12D3-5163F52481E7}.Debug|Any CPU.Build.0 = Debug|Any CPU
		{55D9A077-10DA-CE87-12D3-5163F52481E7}.Release|Any CPU.ActiveCfg = Release|Any CPU
		{55D9A077-10DA-CE87-12D3-5163F52481E7}.Release|Any CPU.Build.0 = Release|Any CPU
	EndGlobalSection
	GlobalSection(SolutionProperties) = preSolution
		HideSolutionNode = FALSE
	EndGlobalSection
	GlobalSection(ExtensibilityGlobals) = postSolution
		SolutionGuid = {FBF8E2E0-58CB-4A2D-A005-373BB15C03F3}
	EndGlobalSection
EndGlobal
